
Microsoft Visual Studio Solution File, Format Version 12.00
# Visual Studio Version 17
VisualStudioVersion = 17.5.33424.131
MinimumVisualStudioVersion = 10.0.40219.1
Project("{FAE04EC0-301F-11D3-BF4B-00C04F79EFBC}") = "TradingPlatform", "TradingPlatform\TradingPlatform.csproj", "{8725B03D-A4EB-459A-9218-E387120FDE7A}"
EndProject
Global
	GlobalSection(SolutionConfigurationPlatforms) = preSolution
		Debug|Any CPU = Debug|Any CPU
		Release|Any CPU = Release|Any CPU
	EndGlobalSection
	GlobalSection(ProjectConfigurationPlatforms) = postSolution
		{8725B03D-A4EB-459A-9218-E387120FDE7A}.Debug|Any CPU.ActiveCfg = Debug|Any CPU
		{8725B03D-A4EB-459A-9218-E387120FDE7A}.Debug|Any CPU.Build.0 = Debug|Any CPU
		{8725B03D-A4EB-459A-9218-E387120FDE7A}.Release|Any CPU.ActiveCfg = Release|Any CPU
		{8725B03D-A4EB-459A-9218-E387120FDE7A}.Release|Any CPU.Build.0 = Release|Any CPU
	EndGlobalSection
	GlobalSection(SolutionProperties) = preSolution
		HideSolutionNode = FALSE
	EndGlobalSection
	GlobalSection(ExtensibilityGlobals) = postSolution
		SolutionGuid = {27E96F03-2A50-4652-B512-54A5A4074D53}
	EndGlobalSection
EndGlobal
